{
  "name": "covid_19",
  "version": "1.0.0",
  "lockfileVersion": 1,
  "requires": true,
  "dependencies": {
    "@hapi/hoek": {
      "version": "6.2.4",
      "resolved": "https://registry.npmjs.org/@hapi/hoek/-/hoek-6.2.4.tgz",
      "integrity": "sha512-HOJ20Kc93DkDVvjwHyHawPwPkX44sIrbXazAUDiUXaY2R9JwQGo2PhFfnQtdrsIe4igjG2fPgMra7NYw7qhy0A=="
    },
    "@hapi/joi": {
      "version": "14.5.0",
      "resolved": "https://registry.npmjs.org/@hapi/joi/-/joi-14.5.0.tgz",
      "integrity": "sha512-q8oNlQWQpN14j6lMkaQqVdG8km+Ni32ZeuJ+sSOB+5a5VsIY6KVpPvdoMU/XKyAS7P7qP0TgM9fFGC2d8dB6hA==",
      "requires": {
        "@hapi/hoek": "6.x.x",
        "@hapi/marker": "1.x.x",
        "@hapi/topo": "3.x.x",
        "isemail": "3.x.x"
      }
    },
    "@hapi/marker": {
      "version": "1.0.0",
      "resolved": "https://registry.npmjs.org/@hapi/marker/-/marker-1.0.0.tgz",
      "integrity": "sha512-JOfdekTXnJexfE8PyhZFyHvHjt81rBFSAbTIRAhF2vv/2Y1JzoKsGqxH/GpZJoF7aEfYok8JVcAHmSz1gkBieA=="
    },
    "@hapi/topo": {
      "version": "3.1.6",
      "resolved": "https://registry.npmjs.org/@hapi/topo/-/topo-3.1.6.tgz",
      "integrity": "sha512-tAag0jEcjwH+P2quUfipd7liWCNX2F8NvYjQp2wtInsZxnMlypdw0FtAOLxtvvkO+GSRRbmNi8m/5y42PQJYCQ==",
      "requires": {
        "@hapi/hoek": "^8.3.0"
      },
      "dependencies": {
        "@hapi/hoek": {
          "version": "8.5.1",
          "resolved": "https://registry.npmjs.org/@hapi/hoek/-/hoek-8.5.1.tgz",
          "integrity": "sha512-yN7kbciD87WzLGc5539Tn0sApjyiGHAJgKvG9W8C7O+6c7qmoQMfVs0W4bX17eqz6C78QJqqFrtgdK5EWf6Qow=="
        }
      }
    },
    "commander": {
      "version": "3.0.2",
      "resolved": "https://registry.npmjs.org/commander/-/commander-3.0.2.tgz",
      "integrity": "sha512-Gar0ASD4BDyKC4hl4DwHqDrmvjoxWKZigVnAbn5H1owvm4CxCPdb0HQDehwNYMJpla5+M2tPmPARzhtYuwpHow=="
    },
    "csval": {
      "version": "1.0.6",
      "resolved": "https://registry.npmjs.org/csval/-/csval-1.0.6.tgz",
      "integrity": "sha512-idDXdCHSOsLbObMXYGCCKzEvmItI2l/TJLPD99SgsHli4BOOHsOLgZVJS+46FYbFIBht++Cn5Yw82L8CY1z5Ow==",
      "requires": {
        "@hapi/joi": "^14.5.0",
        "commander": "^3.0.1",
        "enjoi": "^6.0.0",
        "papaparse": "^5.0.2"
      }
    },
    "enjoi": {
      "version": "6.0.1",
      "resolved": "https://registry.npmjs.org/enjoi/-/enjoi-6.0.1.tgz",
      "integrity": "sha512-/Bylp3DD2Y4Edy0/KPZAFMhekNB8VRdtmbcmvHaRdNyjLlCvjWXIzyzcxgVi1RXmwcH9YIjgtD7lzWoW8UK3Kw==",
      "requires": {
        "@hapi/hoek": "^6.0.0"
      }
    },
    "isemail": {
      "version": "3.2.0",
      "resolved": "https://registry.npmjs.org/isemail/-/isemail-3.2.0.tgz",
      "integrity": "sha512-zKqkK+O+dGqevc93KNsbZ/TqTUFd46MwWjYOoMrjIMZ51eU7DtQG3Wmd9SQQT7i7RVnuTPEiYEWHU3MSbxC1Tg==",
      "requires": {
        "punycode": "2.x.x"
      }
    },
    "papaparse": {
      "version": "5.1.1",
      "resolved": "https://registry.npmjs.org/papaparse/-/papaparse-5.1.1.tgz",
      "integrity": "sha512-KPkW4GNQxunmYTeJIjHFrvilcNuHBWrfgbyvmagEmfGOA4hnP1WIkPbv4yABhj1Nam3as4w+7MBiI27BntwqVg=="
    },
    "punycode": {
      "version": "2.1.1",
      "resolved": "https://registry.npmjs.org/punycode/-/punycode-2.1.1.tgz",
      "integrity": "sha512-XRsRjdf+j5ml+y/6GKHPZbrF/8p2Yga0JPtdqTIY2Xe5ohJPD9saDJJLPvp9+NSBprVvevdXZybnj2cv8OEd0A=="
    }
  }
}
